github.com/cloudxaas/gobytes v0.0.12 h1:2h4UfGnWO2rDVLDsx8gk/G5t3fKWo556Fc80/QLGm6s=
github.com/cloudxaas/gobytes v0.0.12/go.mod h1:SNIDPf2Nozo8GfTPTwLM/BpDRB4MRdgG3EbvCELHacA=
github.com/cloudxaas/gobytes v0.0.14 h1:v8CctKkxvU9M00M83zjvDeDhB97AMq5WJqElEr9krpw=
github.com/cloudxaas/gobytes v0.0.14/go.mod h1:ZoF2xNg0RFo8XHFR9Ny+GC3/zQhzQT+VeQfU6/m50nQ=
